
Microsoft Visual Studio Solution File, Format Version 12.00
# Visual Studio 14
VisualStudioVersion = 14.0.25123.0
MinimumVisualStudioVersion = 10.0.40219.1
Project("{FAE04EC0-301F-11D3-BF4B-00C04F79EFBC}") = "EAT_ThisLogin", "EAT_ThisLogin\EAT_ThisLogin.csproj", "{F81819CD-6198-4543-9ED6-882C35F1F6DD}"
EndProject
Global
	GlobalSection(SolutionConfigurationPlatforms) = preSolution
		Debug|Any CPU = Debug|Any CPU
		Release|Any CPU = Release|Any CPU
	EndGlobalSection
	GlobalSection(ProjectConfigurationPlatforms) = postSolution
		{F81819CD-6198-4543-9ED6-882C35F1F6DD}.Debug|Any CPU.ActiveCfg = Debug|Any CPU
		{F81819CD-6198-4543-9ED6-882C35F1F6DD}.Debug|Any CPU.Build.0 = Debug|Any CPU
		{F81819CD-6198-4543-9ED6-882C35F1F6DD}.Release|Any CPU.ActiveCfg = Release|Any CPU
		{F81819CD-6198-4543-9ED6-882C35F1F6DD}.Release|Any CPU.Build.0 = Release|Any CPU
	EndGlobalSection
	GlobalSection(SolutionProperties) = preSolution
		HideSolutionNode = FALSE
	EndGlobalSection
EndGlobal
